# This file is automatically @generated by Cargo.
# It is not intended for manual editing.
version = 4

[[package]]
name = "ono-cli"
version = "0.0.1"
dependencies = [
 "ono-core",
 "ono-testkit",
]

[[package]]
name = "ono-core"
version = "0.0.1"

[[package]]
name = "ono-testkit"
version = "0.0.1"

[[package]]
name = "xtask"
version = "0.0.1"
